
Microsoft Visual Studio Solution File, Format Version 12.00
# Visual Studio Version 17
VisualStudioVersion = 17.9.34728.123
MinimumVisualStudioVersion = 10.0.40219.1
Project("{FAE04EC0-301F-11D3-BF4B-00C04F79EFBC}") = "PP uke2", "PP uke2\PP uke2.csproj", "{CF704BD5-B57A-4969-BF76-1A6A0D9EBD0F}"
EndProject
Global
	GlobalSection(SolutionConfigurationPlatforms) = preSolution
		Debug|Any CPU = Debug|Any CPU
		Release|Any CPU = Release|Any CPU
	EndGlobalSection
	GlobalSection(ProjectConfigurationPlatforms) = postSolution
		{CF704BD5-B57A-4969-BF76-1A6A0D9EBD0F}.Debug|Any CPU.ActiveCfg = Debug|Any CPU
		{CF704BD5-B57A-4969-BF76-1A6A0D9EBD0F}.Debug|Any CPU.Build.0 = Debug|Any CPU
		{CF704BD5-B57A-4969-BF76-1A6A0D9EBD0F}.Release|Any CPU.ActiveCfg = Release|Any CPU
		{CF704BD5-B57A-4969-BF76-1A6A0D9EBD0F}.Release|Any CPU.Build.0 = Release|Any CPU
	EndGlobalSection
	GlobalSection(SolutionProperties) = preSolution
		HideSolutionNode = FALSE
	EndGlobalSection
	GlobalSection(ExtensibilityGlobals) = postSolution
		SolutionGuid = {36D1152A-6A30-45BA-B37F-3DADA8FF8293}
	EndGlobalSection
EndGlobal
